
Microsoft Visual Studio Solution File, Format Version 12.00
# Visual Studio Version 16
VisualStudioVersion = 16.0.33027.164
MinimumVisualStudioVersion = 10.0.40219.1
Project("{FAE04EC0-301F-11D3-BF4B-00C04F79EFBC}") = "LibraryMath9-14", "LibraryMath9-14\LibraryMath9-14.csproj", "{889BEF13-A9A8-4551-9D70-B53749740B79}"
EndProject
Project("{FAE04EC0-301F-11D3-BF4B-00C04F79EFBC}") = "UnitTest1", "UnitTest1\UnitTest1.csproj", "{83BA24BB-D9BF-4136-828E-C9C13578063F}"
EndProject
Global
	GlobalSection(SolutionConfigurationPlatforms) = preSolution
		Debug|Any CPU = Debug|Any CPU
		Release|Any CPU = Release|Any CPU
	EndGlobalSection
	GlobalSection(ProjectConfigurationPlatforms) = postSolution
		{889BEF13-A9A8-4551-9D70-B53749740B79}.Debug|Any CPU.ActiveCfg = Debug|Any CPU
		{889BEF13-A9A8-4551-9D70-B53749740B79}.Debug|Any CPU.Build.0 = Debug|Any CPU
		{889BEF13-A9A8-4551-9D70-B53749740B79}.Release|Any CPU.ActiveCfg = Release|Any CPU
		{889BEF13-A9A8-4551-9D70-B53749740B79}.Release|Any CPU.Build.0 = Release|Any CPU
		{83BA24BB-D9BF-4136-828E-C9C13578063F}.Debug|Any CPU.ActiveCfg = Debug|Any CPU
		{83BA24BB-D9BF-4136-828E-C9C13578063F}.Debug|Any CPU.Build.0 = Debug|Any CPU
		{83BA24BB-D9BF-4136-828E-C9C13578063F}.Release|Any CPU.ActiveCfg = Release|Any CPU
		{83BA24BB-D9BF-4136-828E-C9C13578063F}.Release|Any CPU.Build.0 = Release|Any CPU
	EndGlobalSection
	GlobalSection(SolutionProperties) = preSolution
		HideSolutionNode = FALSE
	EndGlobalSection
	GlobalSection(ExtensibilityGlobals) = postSolution
		SolutionGuid = {05360960-0D25-453E-A030-7B29B1266950}
	EndGlobalSection
EndGlobal
